
Microsoft Visual Studio Solution File, Format Version 11.00
# Visual Studio 2010
Project("{FAE04EC0-301F-11D3-BF4B-00C04F79EFBC}") = "NSAPConnector.Core", "NSAPConnector.Core\NSAPConnector.Core.csproj", "{D1573D28-4FE7-41FB-8AD3-08F8CE868C0B}"
EndProject
Project("{FAE04EC0-301F-11D3-BF4B-00C04F79EFBC}") = "NSAPConnector.TestConsole", "NSAPConnector.TestConsole\NSAPConnector.TestConsole.csproj", "{331F3BB3-3FE6-415A-861F-F9B91983D712}"
EndProject
Project("{FAE04EC0-301F-11D3-BF4B-00C04F79EFBC}") = "NSAPConnector.UnitTests", "NSAPConnector.UnitTests\NSAPConnector.UnitTests.csproj", "{0F79FE90-F909-4EC9-96DD-2C095F009883}"
EndProject
Project("{2150E333-8FDC-42A3-9474-1A3956D46DE8}") = "Solution Items", "Solution Items", "{F38ABCBB-5079-45D8-B200-14B3A2041EA4}"
	ProjectSection(SolutionItems) = preProject
		Local.testsettings = Local.testsettings
		NSAPConnector.vsmdi = NSAPConnector.vsmdi
		TraceAndTestImpact.testsettings = TraceAndTestImpact.testsettings
	EndProjectSection
EndProject
Global
	GlobalSection(TestCaseManagementSettings) = postSolution
		CategoryFile = NSAPConnector.vsmdi
	EndGlobalSection
	GlobalSection(SolutionConfigurationPlatforms) = preSolution
		Debug|Any CPU = Debug|Any CPU
		Debug|Mixed Platforms = Debug|Mixed Platforms
		Debug|x86 = Debug|x86
		Release|Any CPU = Release|Any CPU
		Release|Mixed Platforms = Release|Mixed Platforms
		Release|x86 = Release|x86
	EndGlobalSection
	GlobalSection(ProjectConfigurationPlatforms) = postSolution
		{D1573D28-4FE7-41FB-8AD3-08F8CE868C0B}.Debug|Any CPU.ActiveCfg = Debug|Any CPU
		{D1573D28-4FE7-41FB-8AD3-08F8CE868C0B}.Debug|Any CPU.Build.0 = Debug|Any CPU
		{D1573D28-4FE7-41FB-8AD3-08F8CE868C0B}.Debug|Mixed Platforms.ActiveCfg = Debug|Any CPU
		{D1573D28-4FE7-41FB-8AD3-08F8CE868C0B}.Debug|Mixed Platforms.Build.0 = Debug|Any CPU
		{D1573D28-4FE7-41FB-8AD3-08F8CE868C0B}.Debug|x86.ActiveCfg = Debug|Any CPU
		{D1573D28-4FE7-41FB-8AD3-08F8CE868C0B}.Release|Any CPU.ActiveCfg = Release|Any CPU
		{D1573D28-4FE7-41FB-8AD3-08F8CE868C0B}.Release|Any CPU.Build.0 = Release|Any CPU
		{D1573D28-4FE7-41FB-8AD3-08F8CE868C0B}.Release|Mixed Platforms.ActiveCfg = Release|Any CPU
		{D1573D28-4FE7-41FB-8AD3-08F8CE868C0B}.Release|Mixed Platforms.Build.0 = Release|Any CPU
		{D1573D28-4FE7-41FB-8AD3-08F8CE868C0B}.Release|x86.ActiveCfg = Release|Any CPU
		{331F3BB3-3FE6-415A-861F-F9B91983D712}.Debug|Any CPU.ActiveCfg = Debug|x86
		{331F3BB3-3FE6-415A-861F-F9B91983D712}.Debug|Mixed Platforms.ActiveCfg = Debug|x86
		{331F3BB3-3FE6-415A-861F-F9B91983D712}.Debug|Mixed Platforms.Build.0 = Debug|x86
		{331F3BB3-3FE6-415A-861F-F9B91983D712}.Debug|x86.ActiveCfg = Debug|x86
		{331F3BB3-3FE6-415A-861F-F9B91983D712}.Debug|x86.Build.0 = Debug|x86
		{331F3BB3-3FE6-415A-861F-F9B91983D712}.Release|Any CPU.ActiveCfg = Release|x86
		{331F3BB3-3FE6-415A-861F-F9B91983D712}.Release|Mixed Platforms.ActiveCfg = Release|x86
		{331F3BB3-3FE6-415A-861F-F9B91983D712}.Release|Mixed Platforms.Build.0 = Release|x86
		{331F3BB3-3FE6-415A-861F-F9B91983D712}.Release|x86.ActiveCfg = Release|x86
		{331F3BB3-3FE6-415A-861F-F9B91983D712}.Release|x86.Build.0 = Release|x86
		{0F79FE90-F909-4EC9-96DD-2C095F009883}.Debug|Any CPU.ActiveCfg = Debug|Any CPU
		{0F79FE90-F909-4EC9-96DD-2C095F009883}.Debug|Any CPU.Build.0 = Debug|Any CPU
		{0F79FE90-F909-4EC9-96DD-2C095F009883}.Debug|Mixed Platforms.ActiveCfg = Debug|Any CPU
		{0F79FE90-F909-4EC9-96DD-2C095F009883}.Debug|Mixed Platforms.Build.0 = Debug|Any CPU
		{0F79FE90-F909-4EC9-96DD-2C095F009883}.Debug|x86.ActiveCfg = Debug|Any CPU
		{0F79FE90-F909-4EC9-96DD-2C095F009883}.Release|Any CPU.ActiveCfg = Release|Any CPU
		{0F79FE90-F909-4EC9-96DD-2C095F009883}.Release|Any CPU.Build.0 = Release|Any CPU
		{0F79FE90-F909-4EC9-96DD-2C095F009883}.Release|Mixed Platforms.ActiveCfg = Release|Any CPU
		{0F79FE90-F909-4EC9-96DD-2C095F009883}.Release|Mixed Platforms.Build.0 = Release|Any CPU
		{0F79FE90-F909-4EC9-96DD-2C095F009883}.Release|x86.ActiveCfg = Release|Any CPU
	EndGlobalSection
	GlobalSection(SolutionProperties) = preSolution
		HideSolutionNode = FALSE
	EndGlobalSection
EndGlobal
